// !$*UTF8*$!
{
	archiveVersion = 1;
	classes = {
	};
	objectVersion = 46;
	objects = {

/* Begin PBXBuildFile section */
		A6ED21321CF058090082D594 /* board.png in Resources */ = {isa = PBXBuildFile; fileRef = A6ED212D1CF058090082D594 /* board.png */; };
		A6ED21331CF058090082D594 /* Cartoon-Springs-PPT-Backgrounds-1024x768.jpg in Resources */ = {isa = PBXBuildFile; fileRef = A6ED212E1CF058090082D594 /* Cartoon-Springs-PPT-Backgrounds-1024x768.jpg */; };
		A6ED21341CF058090082D594 /* note1.png in Resources */ = {isa = PBXBuildFile; fileRef = A6ED212F1CF058090082D594 /* note1.png */; };
		A6ED21351CF058090082D594 /* note2.png in Resources */ = {isa = PBXBuildFile; fileRef = A6ED21301CF058090082D594 /* note2.png */; };
		A6ED21361CF058090082D594 /* note3.png in Resources */ = {isa = PBXBuildFile; fileRef = A6ED21311CF058090082D594 /* note3.png */; };
		A6F9CD461CEDB55B0056061D /* AppDelegate.swift in Sources */ = {isa = PBXBuildFile; fileRef = A6F9CD451CEDB55B0056061D /* AppDelegate.swift */; };
		A6F9CD481CEDB55B0056061D /* ViewController.swift in Sources */ = {isa = PBXBuildFile; fileRef = A6F9CD471CEDB55B0056061D /* ViewController.swift */; };
		A6F9CD4B1CEDB55B0056061D /* Main.storyboard in Resources */ = {isa = PBXBuildFile; fileRef = A6F9CD491CEDB55B0056061D /* Main.storyboard */; };
		A6F9CD4D1CEDB55B0056061D /* Assets.xcassets in Resources */ = {isa = PBXBuildFile; fileRef = A6F9CD4C1CEDB55B0056061D /* Assets.xcassets */; };
		A6F9CD501CEDB55C0056061D /* LaunchScreen.storyboard in Resources */ = {isa = PBXBuildFile; fileRef = A6F9CD4E1CEDB55C0056061D /* LaunchScreen.storyboard */; };
/* End PBXBuildFile section */

/* Begin PBXFileReference section */
		A6ED212D1CF058090082D594 /* board.png */ = {isa = PBXFileReference; lastKnownFileType = image.png; path = board.png; sourceTree = "<group>"; };
		A6ED212E1CF058090082D594 /* Cartoon-Springs-PPT-Backgrounds-1024x768.jpg */ = {isa = PBXFileReference; lastKnownFileType = image.jpeg; path = "Cartoon-Springs-PPT-Backgrounds-1024x768.jpg"; sourceTree = "<group>"; };
		A6ED212F1CF058090082D594 /* note1.png */ = {isa = PBXFileReference; lastKnownFileType = image.png; path = note1.png; sourceTree = "<group>"; };
		A6ED21301CF058090082D594 /* note2.png */ = {isa = PBXFileReference; lastKnownFileType = image.png; path = note2.png; sourceTree = "<group>"; };
		A6ED21311CF058090082D594 /* note3.png */ = {isa = PBXFileReference; lastKnownFileType = image.png; path = note3.png; sourceTree = "<group>"; };
		A6F9CD421CEDB55B0056061D /* lam toan.app */ = {isa = PBXFileReference; explicitFileType = wrapper.application; includeInIndex = 0; path = "lam toan.app"; sourceTree = BUILT_PRODUCTS_DIR; };
		A6F9CD451CEDB55B0056061D /* AppDelegate.swift */ = {isa = PBXFileReference; lastKnownFileType = sourcecode.swift; path = AppDelegate.swift; sourceTree = "<group>"; };
		A6F9CD471CEDB55B0056061D /* ViewController.swift */ = {isa = PBXFileReference; lastKnownFileType = sourcecode.swift; path = ViewController.swift; sourceTree = "<group>"; };
		A6F9CD4A1CEDB55B0056061D /* Base */ = {isa = PBXFileReference; lastKnownFileType = file.storyboard; name = Base; path = Base.lproj/Main.storyboard; sourceTree = "<group>"; };
		A6F9CD4C1CEDB55B0056061D /* Assets.xcassets */ = {isa = PBXFileReference; lastKnownFileType = folder.assetcatalog; path = Assets.xcassets; sourceTree = "<group>"; };
		A6F9CD4F1CEDB55C0056061D /* Base */ = {isa = PBXFileReference; lastKnownFileType = file.storyboard; name = Base; path = Base.lproj/LaunchScreen.storyboard; sourceTree = "<group>"; };
		A6F9CD511CEDB55C0056061D /* Info.plist */ = {isa = PBXFileReference; lastKnownFileType = text.plist.xml; path = Info.plist; sourceTree = "<group>"; };
/* End PBXFileReference section */

/* Begin PBXFrameworksBuildPhase section */
		A6F9CD3F1CEDB55B0056061D /* Frameworks */ = {
			isa = PBXFrameworksBuildPhase;
			buildActionMask = 2147483647;
			files = (
			);
			runOnlyForDeploymentPostprocessing = 0;
		};
/* End PBXFrameworksBuildPhase section */

/* Begin PBXGroup section */
		A6ED212C1CF057DB0082D594 /* img */ = {
			isa = PBXGroup;
			children = (
				A6ED212D1CF058090082D594 /* board.png */,
				A6ED212E1CF058090082D594 /* Cartoon-Springs-PPT-Backgrounds-1024x768.jpg */,
				A6ED212F1CF058090082D594 /* note1.png */,
				A6ED21301CF058090082D594 /* note2.png */,
				A6ED21311CF058090082D594 /* note3.png */,
			);
			name = img;
			sourceTree = "<group>";
		};
		A6F9CD391CEDB55A0056061D = {
			isa = PBXGroup;
			children = (
				A6F9CD441CEDB55B0056061D /* lam toan */,
				A6F9CD431CEDB55B0056061D /* Products */,
			);
			sourceTree = "<group>";
		};
		A6F9CD431CEDB55B0056061D /* Products */ = {
			isa = PBXGroup;
			children = (
				A6F9CD421CEDB55B0056061D /* lam toan.app */,
			);
			name = Products;
			sourceTree = "<group>";
		};
		A6F9CD441CEDB55B0056061D /* lam toan */ = {
			isa = PBXGroup;
			children = (
				A6ED212C1CF057DB0082D594 /* img */,
				A6F9CD451CEDB55B0056061D /* AppDelegate.swift */,
				A6F9CD471CEDB55B0056061D /* ViewController.swift */,
				A6F9CD491CEDB55B0056061D /* Main.storyboard */,
				A6F9CD4C1CEDB55B0056061D /* Assets.xcassets */,
				A6F9CD4E1CEDB55C0056061D /* LaunchScreen.storyboard */,
				A6F9CD511CEDB55C0056061D /* Info.plist */,
			);
			path = "lam toan";
			sourceTree = "<group>";
		};
/* End PBXGroup section */

/* Begin PBXNativeTarget section */
		A6F9CD411CEDB55B0056061D /* lam toan */ = {
			isa = PBXNativeTarget;
			buildConfigurationList = A6F9CD541CEDB55C0056061D /* Build configuration list for PBXNativeTarget "lam toan" */;
			buildPhases = (
				A6F9CD3E1CEDB55B0056061D /* Sources */,
				A6F9CD3F1CEDB55B0056061D /* Frameworks */,
				A6F9CD401CEDB55B0056061D /* Resources */,
			);
			buildRules = (
			);
			dependencies = (
			);
			name = "lam toan";
			productName = "lam toan";
			productReference = A6F9CD421CEDB55B0056061D /* lam toan.app */;
			productType = "com.apple.product-type.application";
		};
/* End PBXNativeTarget section */

/* Begin PBXProject section */
		A6F9CD3A1CEDB55B0056061D /* Project object */ = {
			isa = PBXProject;
			attributes = {
				LastSwiftUpdateCheck = 0710;
				LastUpgradeCheck = 0710;
				ORGANIZATIONNAME = "Nguyen Thanh Tung";
				TargetAttributes = {
					A6F9CD411CEDB55B0056061D = {
						CreatedOnToolsVersion = 7.1.1;
						DevelopmentTeam = GJ453SLBEJ;
					};
				};
			};
			buildConfigurationList = A6F9CD3D1CEDB55B0056061D /* Build configuration list for PBXProject "lam toan" */;
			compatibilityVersion = "Xcode 3.2";
			developmentRegion = English;
			hasScannedForEncodings = 0;
			knownRegions = (
				en,
				Base,
			);
			mainGroup = A6F9CD391CEDB55A0056061D;
			productRefGroup = A6F9CD431CEDB55B0056061D /* Products */;
			projectDirPath = "";
			projectRoot = "";
			targets = (
				A6F9CD411CEDB55B0056061D /* lam toan */,
			);
		};
/* End PBXProject section */

/* Begin PBXResourcesBuildPhase section */
		A6F9CD401CEDB55B0056061D /* Resources */ = {
			isa = PBXResourcesBuildPhase;
			buildActionMask = 2147483647;
			files = (
				A6ED21321CF058090082D594 /* board.png in Resources */,
				A6F9CD501CEDB55C0056061D /* LaunchScreen.storyboard in Resources */,
				A6F9CD4D1CEDB55B0056061D /* Assets.xcassets in Resources */,
				A6ED21351CF058090082D594 /* note2.png in Resources */,
				A6ED21341CF058090082D594 /* note1.png in Resources */,
				A6ED21361CF058090082D594 /* note3.png in Resources */,
				A6F9CD4B1CEDB55B0056061D /* Main.storyboard in Resources */,
				A6ED21331CF058090082D594 /* Cartoon-Springs-PPT-Backgrounds-1024x768.jpg in Resources */,
			);
			runOnlyForDeploymentPostprocessing = 0;
		};
/* End PBXResourcesBuildPhase section */

/* Begin PBXSourcesBuildPhase section */
		A6F9CD3E1CEDB55B0056061D /* Sources */ = {
			isa = PBXSourcesBuildPhase;
			buildActionMask = 2147483647;
			files = (
				A6F9CD481CEDB55B0056061D /* ViewController.swift in Sources */,
				A6F9CD461CEDB55B0056061D /* AppDelegate.swift in Sources */,
			);
			runOnlyForDeploymentPostprocessing = 0;
		};
/* End PBXSourcesBuildPhase section */

/* Begin PBXVariantGroup section */
		A6F9CD491CEDB55B0056061D /* Main.storyboard */ = {
			isa = PBXVariantGroup;
			children = (
				A6F9CD4A1CEDB55B0056061D /* Base */,
			);
			name = Main.storyboard;
			sourceTree = "<group>";
		};
		A6F9CD4E1CEDB55C0056061D /* LaunchScreen.storyboard */ = {
			isa = PBXVariantGroup;
			children = (
				A6F9CD4F1CEDB55C0056061D /* Base */,
			);
			name = LaunchScreen.storyboard;
			sourceTree = "<group>";
		};
/* End PBXVariantGroup section */

/* Begin XCBuildConfiguration section */
		A6F9CD521CEDB55C0056061D /* Debug */ = {
			isa = XCBuildConfiguration;
			buildSettings = {
				ALWAYS_SEARCH_USER_PATHS = NO;
				CLANG_CXX_LANGUAGE_STANDARD = "gnu++0x";
				CLANG_CXX_LIBRARY = "libc++";
				CLANG_ENABLE_MODULES = YES;
				CLANG_ENABLE_OBJC_ARC = YES;
				CLANG_WARN_BOOL_CONVERSION = YES;
				CLANG_WARN_CONSTANT_CONVERSION = YES;
				CLANG_WARN_DIRECT_OBJC_ISA_USAGE = YES_ERROR;
				CLANG_WARN_EMPTY_BODY = YES;
				CLANG_WARN_ENUM_CONVERSION = YES;
				CLANG_WARN_INT_CONVERSION = YES;
				CLANG_WARN_OBJC_ROOT_CLASS = YES_ERROR;
				CLANG_WARN_UNREACHABLE_CODE = YES;
				CLANG_WARN__DUPLICATE_METHOD_MATCH = YES;
				"CODE_SIGN_IDENTITY[sdk=iphoneos*]" = "iPhone Developer";
				COPY_PHASE_STRIP = NO;
				DEBUG_INFORMATION_FORMAT = dwarf;
				ENABLE_STRICT_OBJC_MSGSEND = YES;
				ENABLE_TESTABILITY = YES;
				GCC_C_LANGUAGE_STANDARD = gnu99;
				GCC_DYNAMIC_NO_PIC = NO;
				GCC_NO_COMMON_BLOCKS = YES;
				GCC_OPTIMIZATION_LEVEL = 0;
				GCC_PREPROCESSOR_DEFINITIONS = (
					"DEBUG=1",
					"$(inherited)",
				);
				GCC_WARN_64_TO_32_BIT_CONVERSION = YES;
				GCC_WARN_ABOUT_RETURN_TYPE = YES_ERROR;
				GCC_WARN_UNDECLARED_SELECTOR = YES;
				GCC_WARN_UNINITIALIZED_AUTOS = YES_AGGRESSIVE;
				GCC_WARN_UNUSED_FUNCTION = YES;
				GCC_WARN_UNUSED_VARIABLE = YES;
				IPHONEOS_DEPLOYMENT_TARGET = 9.1;
				MTL_ENABLE_DEBUG_INFO = YES;
				ONLY_ACTIVE_ARCH = YES;
				SDKROOT = iphoneos;
				SWIFT_OPTIMIZATION_LEVEL = "-Onone";
			};
			name = Debug;
		};
		A6F9CD531CEDB55C0056061D /* Release */ = {
			isa = XCBuildConfiguration;
			buildSettings = {
				ALWAYS_SEARCH_USER_PATHS = NO;
				CLANG_CXX_LANGUAGE_STANDARD = "gnu++0x";
				CLANG_CXX_LIBRARY = "libc++";
				CLANG_ENABLE_MODULES = YES;
				CLANG_ENABLE_OBJC_ARC = YES;
				CLANG_WARN_BOOL_CONVERSION = YES;
				CLANG_WARN_CONSTANT_CONVERSION = YES;
				CLANG_WARN_DIRECT_OBJC_ISA_USAGE = YES_ERROR;
				CLANG_WARN_EMPTY_BODY = YES;
				CLANG_WARN_ENUM_CONVERSION = YES;
				CLANG_WARN_INT_CONVERSION = YES;
				CLANG_WARN_OBJC_ROOT_CLASS = YES_ERROR;
				CLANG_WARN_UNREACHABLE_CODE = YES;
				CLANG_WARN__DUPLICATE_METHOD_MATCH = YES;
				"CODE_SIGN_IDENTITY[sdk=iphoneos*]" = "iPhone Developer";
				COPY_PHASE_STRIP = NO;
				DEBUG_INFORMATION_FORMAT = "dwarf-with-dsym";
				ENABLE_NS_ASSERTIONS = NO;
				ENABLE_STRICT_OBJC_MSGSEND = YES;
				GCC_C_LANGUAGE_STANDARD = gnu99;
				GCC_NO_COMMON_BLOCKS = YES;
				GCC_WARN_64_TO_32_BIT_CONVERSION = YES;
				GCC_WARN_ABOUT_RETURN_TYPE = YES_ERROR;
				GCC_WARN_UNDECLARED_SELECTOR = YES;
				GCC_WARN_UNINITIALIZED_AUTOS = YES_AGGRESSIVE;
				GCC_WARN_UNUSED_FUNCTION = YES;
				GCC_WARN_UNUSED_VARIABLE = YES;
				IPHONEOS_DEPLOYMENT_TARGET = 9.1;
				MTL_ENABLE_DEBUG_INFO = NO;
				SDKROOT = iphoneos;
				VALIDATE_PRODUCT = YES;
			};
			name = Release;
		};
		A6F9CD551CEDB55C0056061D /* Debug */ = {
			isa = XCBuildConfiguration;
			buildSettings = {
				ASSETCATALOG_COMPILER_APPICON_NAME = AppIcon;
				CODE_SIGN_IDENTITY = "iPhone Developer";
				"CODE_SIGN_IDENTITY[sdk=iphoneos*]" = "iPhone Developer";
				INFOPLIST_FILE = "lam toan/Info.plist";
				LD_RUNPATH_SEARCH_PATHS = "$(inherited) @executable_path/Frameworks";
				PRODUCT_BUNDLE_IDENTIFIER = "vn.tungnguyen.lam-toan";
				PRODUCT_NAME = "$(TARGET_NAME)";
				PROVISIONING_PROFILE = "";
			};
			name = Debug;
		};
		A6F9CD561CEDB55C0056061D /* Release */ = {
			isa = XCBuildConfiguration;
			buildSettings = {
				ASSETCATALOG_COMPILER_APPICON_NAME = AppIcon;
				CODE_SIGN_IDENTITY = "iPhone Developer";
				"CODE_SIGN_IDENTITY[sdk=iphoneos*]" = "iPhone Developer";
				INFOPLIST_FILE = "lam toan/Info.plist";
				LD_RUNPATH_SEARCH_PATHS = "$(inherited) @executable_path/Frameworks";
				PRODUCT_BUNDLE_IDENTIFIER = "vn.tungnguyen.lam-toan";
				PRODUCT_NAME = "$(TARGET_NAME)";
				PROVISIONING_PROFILE = "";
			};
			name = Release;
		};
/* End XCBuildConfiguration section */

/* Begin XCConfigurationList section */
		A6F9CD3D1CEDB55B0056061D /* Build configuration list for PBXProject "lam toan" */ = {
			isa = XCConfigurationList;
			buildConfigurations = (
				A6F9CD521CEDB55C0056061D /* Debug */,
				A6F9CD531CEDB55C0056061D /* Release */,
			);
			defaultConfigurationIsVisible = 0;
			defaultConfigurationName = Release;
		};
		A6F9CD541CEDB55C0056061D /* Build configuration list for PBXNativeTarget "lam toan" */ = {
			isa = XCConfigurationList;
			buildConfigurations = (
				A6F9CD551CEDB55C0056061D /* Debug */,
				A6F9CD561CEDB55C0056061D /* Release */,
			);
			defaultConfigurationIsVisible = 0;
			defaultConfigurationName = Release;
		};
/* End XCConfigurationList section */
	};
	rootObject = A6F9CD3A1CEDB55B0056061D /* Project object */;
}
